<?xml version="1.0" encoding="utf-8"?>
<Project ToolsVersion="4.0" xmlns="http://schemas.microsoft.com/developer/msbuild/2003">
  <ItemGroup>
    <ClCompile Include="src\ofApp.cpp">
      <Filter>src</Filter>
    </ClCompile>
    <ClCompile Include="src\main.cpp">
      <Filter>src</Filter>
    </ClCompile>
    <ClCompile Include="src\Oscillator.cpp">
      <Filter>src</Filter>
    </ClCompile>
    <ClCompile Include="src\SawOscillator.cpp">
      <Filter>src</Filter>
    </ClCompile>
    <ClCompile Include="src\SineOscillator.cpp">
      <Filter>src</Filter>
    </ClCompile>
    <ClCompile Include="src\SquareOscillator.cpp">
      <Filter>src</Filter>
    </ClCompile>
    <ClCompile Include="src\Synthesizer.cpp">
      <Filter>src</Filter>
    </ClCompile>
    <ClCompile Include="src\Voice.cpp">
      <Filter>src</Filter>
    </ClCompile>
    <ClCompile Include="src\WaveformRingBuffer.cpp">
      <Filter>src</Filter>
    </ClCompile>
  </ItemGroup>
  <ItemGroup>
    <Filter Include="src">
      <UniqueIdentifier>{d8376475-7454-4a24-b08a-aac121d3ad6f}</UniqueIdentifier>
    </Filter>
  </ItemGroup>
  <ItemGroup>
    <ClInclude Include="src\ofApp.h">
      <Filter>src</Filter>
    </ClInclude>
    <ClInclude Include="src\Oscillator.h">
      <Filter>src</Filter>
    </ClInclude>
    <ClInclude Include="src\SawOscillator.h">
      <Filter>src</Filter>
    </ClInclude>
    <ClInclude Include="src\SineOscillator.h">
      <Filter>src</Filter>
    </ClInclude>
    <ClInclude Include="src\SquareOscillator.h">
      <Filter>src</Filter>
    </ClInclude>
    <ClInclude Include="src\Synthesizer.h">
      <Filter>src</Filter>
    </ClInclude>
    <ClInclude Include="src\Voice.h">
      <Filter>src</Filter>
    </ClInclude>
    <ClInclude Include="src\WaveformRingBuffer.h">
      <Filter>src</Filter>
    </ClInclude>
  </ItemGroup>
  <ItemGroup>
    <ResourceCompile Include="icon.rc" />
  </ItemGroup>
</Project>
